
Microsoft Visual Studio Solution File, Format Version 12.00
# Visual Studio Version 17
VisualStudioVersion = 17.14.36616.10 d17.14
MinimumVisualStudioVersion = 10.0.40219.1
Project("{FAE04EC0-301F-11D3-BF4B-00C04F79EFBC}") = "Chess", "Chess\Chess.csproj", "{2AB5894E-3666-4BBC-8DF8-55E923A51E86}"
EndProject
Global
	GlobalSection(SolutionConfigurationPlatforms) = preSolution
		Debug|Any CPU = Debug|Any CPU
		Release|Any CPU = Release|Any CPU
	EndGlobalSection
	GlobalSection(ProjectConfigurationPlatforms) = postSolution
		{2AB5894E-3666-4BBC-8DF8-55E923A51E86}.Debug|Any CPU.ActiveCfg = Debug|Any CPU
		{2AB5894E-3666-4BBC-8DF8-55E923A51E86}.Debug|Any CPU.Build.0 = Debug|Any CPU
		{2AB5894E-3666-4BBC-8DF8-55E923A51E86}.Release|Any CPU.ActiveCfg = Release|Any CPU
		{2AB5894E-3666-4BBC-8DF8-55E923A51E86}.Release|Any CPU.Build.0 = Release|Any CPU
	EndGlobalSection
	GlobalSection(SolutionProperties) = preSolution
		HideSolutionNode = FALSE
	EndGlobalSection
	GlobalSection(ExtensibilityGlobals) = postSolution
		SolutionGuid = {971F6D4D-2EF4-4433-8BE7-BD13EE7EA307}
	EndGlobalSection
EndGlobal
